PODS:
  - ToolBox (0.1.0):
    - ToolBox/Default (= 0.1.0)
  - ToolBox/Core (0.1.0)
  - ToolBox/CustomInfo (0.1.0):
    - ToolBox/Core
  - ToolBox/Default (0.1.0):
    - ToolBox/Core
    - ToolBox/GeneralInfo
    - ToolBox/TextEditing
    - ToolBox/UserDefaults
  - ToolBox/GeneralInfo (0.1.0):
    - ToolBox/CustomInfo
  - ToolBox/TextEditing (0.1.0):
    - ToolBox/Core
  - ToolBox/UserDefaults (0.1.0):
    - ToolBox/Core

DEPENDENCIES:
  - ToolBox (from `../`)

EXTERNAL SOURCES:
  ToolBox:
    :path: "../"

SPEC CHECKSUMS:
  ToolBox: e8c8293dd3784eabf4be41306f89df7fdba4d49a

PODFILE CHECKSUM: 9b72e3f79370eb248d8d9886c14fbef37beef631

COCOAPODS: 1.9.1
