PODS:
  - Sentinel (1.1.4):
    - Sentinel/Default (= 1.1.4)
  - Sentinel/Core (1.1.4)
  - Sentinel/CustomLocation (1.1.4):
    - Sentinel/Core
  - Sentinel/Default (1.1.4):
    - Sentinel/Core
    - Sentinel/CustomLocation
    - Sentinel/EmailSender
    - Sentinel/TextEditing
    - Sentinel/UserDefaults
  - Sentinel/EmailSender (1.1.4):
    - Sentinel/Core
  - Sentinel/TextEditing (1.1.4):
    - Sentinel/Core
  - Sentinel/UserDefaults (1.1.4):
    - Sentinel/Core

DEPENDENCIES:
  - Sentinel (from `../`)
  - Sentinel/EmailSender (from `../`)

EXTERNAL SOURCES:
  Sentinel:
    :path: "../"

SPEC CHECKSUMS:
  Sentinel: d31d3fec6ef972cdc4c0330278b68582a25424cf

PODFILE CHECKSUM: 9c832ffe95f37b33da45d44c34055fef22efd343

COCOAPODS: 1.14.2
