PODS:
  - Sentinel (2.3.0):
    - Sentinel/Default (= 2.3.0)
  - Sentinel/ClearAppData (2.3.0):
    - Sentinel/Core
  - Sentinel/Core (2.3.0)
  - Sentinel/CrashDetection (2.3.0):
    - Sentinel/Core
  - Sentinel/Default (2.3.0):
    - Sentinel/Core
    - Sentinel/CrashDetection
    - Sentinel/TextEditing
    - Sentinel/UserDefaults
  - Sentinel/EmailSender (2.3.0):
    - Sentinel/Core
  - Sentinel/TextEditing (2.3.0):
    - Sentinel/Core
  - Sentinel/UserDefaults (2.3.0):
    - Sentinel/Core

DEPENDENCIES:
  - Sentinel (from `../`)
  - Sentinel/ClearAppData (from `../`)
  - Sentinel/EmailSender (from `../`)

EXTERNAL SOURCES:
  Sentinel:
    :path: "../"

SPEC CHECKSUMS:
  Sentinel: fcb76de5e93a328be457e039c77cf191441f7a65

PODFILE CHECKSUM: 9e770ca23c17882724a69cf79721ab70c0f352cb

COCOAPODS: 1.16.2
