{
  "object": {
    "pins": [
      {
        "package": "Collar",
        "repositoryURL": "https://github.com/infinum/ios-collar.git",
        "state": {
          "branch": null,
          "revision": "7495356c5df25b878d6a28b3106edc869de18f0b",
          "version": "1.0.2"
        }
      },
      {
        "package": "Loggie",
        "repositoryURL": "https://github.com/infinum/iOS-Loggie.git",
        "state": {
          "branch": null,
          "revision": "6a526554fb857bd713463702503d538bf2d1ba52",
          "version": "2.3.2"
        }
      }
    ]
  },
  "version": 1
}
