{
  "object": {
    "pins": [
      {
        "package": "Collar",
        "repositoryURL": "https://github.com/infinum/ios-collar.git",
        "state": {
          "branch": null,
          "revision": "f3c483ee7721146e4f846eb8d494542e5337c624",
          "version": "1.0.3"
        }
      },
      {
        "package": "Loggie",
        "repositoryURL": "https://github.com/infinum/iOS-Loggie.git",
        "state": {
          "branch": null,
          "revision": "52180de1deabc66fda6e974dcf335e10e0f86036",
          "version": "2.3.3"
        }
      }
    ]
  },
  "version": 1
}
